// !$*UTF8*$!
{
	archiveVersion = 1;
	classes = {
	};
	objectVersion = 48;
	objects = {

/* Begin PBXBuildFile section */
		4346D70C20D1C3AD0090B5B7 /* AppDelegate.m in Sources */ = {isa = PBXBuildFile; fileRef = 4346D70B20D1C3AD0090B5B7 /* AppDelegate.m */; };
		4346D70F20D1C3AD0090B5B7 /* ViewController.m in Sources */ = {isa = PBXBuildFile; fileRef = 4346D70E20D1C3AD0090B5B7 /* ViewController.m */; };
		4346D71220D1C3AD0090B5B7 /* Main.storyboard in Resources */ = {isa = PBXBuildFile; fileRef = 4346D71020D1C3AD0090B5B7 /* Main.storyboard */; };
		4346D71420D1C3AD0090B5B7 /* Assets.xcassets in Resources */ = {isa = PBXBuildFile; fileRef = 4346D71320D1C3AD0090B5B7 /* Assets.xcassets */; };
		4346D71720D1C3AD0090B5B7 /* LaunchScreen.storyboard in Resources */ = {isa = PBXBuildFile; fileRef = 4346D71520D1C3AD0090B5B7 /* LaunchScreen.storyboard */; };
		4346D71A20D1C3AD0090B5B7 /* main.m in Sources */ = {isa = PBXBuildFile; fileRef = 4346D71920D1C3AD0090B5B7 /* main.m */; };
		4346D72420D1C3AD0090B5B7 /* ConditionalsTests.m in Sources */ = {isa = PBXBuildFile; fileRef = 4346D72320D1C3AD0090B5B7 /* ConditionalsTests.m */; };
		4346D72F20D1C3AD0090B5B7 /* ConditionalsUITests.m in Sources */ = {isa = PBXBuildFile; fileRef = 4346D72E20D1C3AD0090B5B7 /* ConditionalsUITests.m */; };
/* End PBXBuildFile section */

/* Begin PBXContainerItemProxy section */
		4346D72020D1C3AD0090B5B7 /* PBXContainerItemProxy */ = {
			isa = PBXContainerItemProxy;
			containerPortal = 4346D6FF20D1C3AD0090B5B7 /* Project object */;
			proxyType = 1;
			remoteGlobalIDString = 4346D70620D1C3AD0090B5B7;
			remoteInfo = Conditionals;
		};
		4346D72B20D1C3AD0090B5B7 /* PBXContainerItemProxy */ = {
			isa = PBXContainerItemProxy;
			containerPortal = 4346D6FF20D1C3AD0090B5B7 /* Project object */;
			proxyType = 1;
			remoteGlobalIDString = 4346D70620D1C3AD0090B5B7;
			remoteInfo = Conditionals;
		};
/* End PBXContainerItemProxy section */

/* Begin PBXFileReference section */
		4346D70720D1C3AD0090B5B7 /* Conditionals.app */ = {isa = PBXFileReference; explicitFileType = wrapper.application; includeInIndex = 0; path = Conditionals.app; sourceTree = BUILT_PRODUCTS_DIR; };
		4346D70A20D1C3AD0090B5B7 /* AppDelegate.h */ = {isa = PBXFileReference; lastKnownFileType = sourcecode.c.h; path = AppDelegate.h; sourceTree = "<group>"; };
		4346D70B20D1C3AD0090B5B7 /* AppDelegate.m */ = {isa = PBXFileReference; lastKnownFileType = sourcecode.c.objc; path = AppDelegate.m; sourceTree = "<group>"; };
		4346D70D20D1C3AD0090B5B7 /* ViewController.h */ = {isa = PBXFileReference; lastKnownFileType = sourcecode.c.h; path = ViewController.h; sourceTree = "<group>"; };
		4346D70E20D1C3AD0090B5B7 /* ViewController.m */ = {isa = PBXFileReference; lastKnownFileType = sourcecode.c.objc; path = ViewController.m; sourceTree = "<group>"; };
		4346D71120D1C3AD0090B5B7 /* Base */ = {isa = PBXFileReference; lastKnownFileType = file.storyboard; name = Base; path = Base.lproj/Main.storyboard; sourceTree = "<group>"; };
		4346D71320D1C3AD0090B5B7 /* Assets.xcassets */ = {isa = PBXFileReference; lastKnownFileType = folder.assetcatalog; path = Assets.xcassets; sourceTree = "<group>"; };
		4346D71620D1C3AD0090B5B7 /* Base */ = {isa = PBXFileReference; lastKnownFileType = file.storyboard; name = Base; path = Base.lproj/LaunchScreen.storyboard; sourceTree = "<group>"; };
		4346D71820D1C3AD0090B5B7 /* Info.plist */ = {isa = PBXFileReference; lastKnownFileType = text.plist.xml; path = Info.plist; sourceTree = "<group>"; };
		4346D71920D1C3AD0090B5B7 /* main.m */ = {isa = PBXFileReference; lastKnownFileType = sourcecode.c.objc; path = main.m; sourceTree = "<group>"; };
		4346D71F20D1C3AD0090B5B7 /* ConditionalsTests.xctest */ = {isa = PBXFileReference; explicitFileType = wrapper.cfbundle; includeInIndex = 0; path = ConditionalsTests.xctest; sourceTree = BUILT_PRODUCTS_DIR; };
		4346D72320D1C3AD0090B5B7 /* ConditionalsTests.m */ = {isa = PBXFileReference; lastKnownFileType = sourcecode.c.objc; path = ConditionalsTests.m; sourceTree = "<group>"; };
		4346D72520D1C3AD0090B5B7 /* Info.plist */ = {isa = PBXFileReference; lastKnownFileType = text.plist.xml; path = Info.plist; sourceTree = "<group>"; };
		4346D72A20D1C3AD0090B5B7 /* ConditionalsUITests.xctest */ = {isa = PBXFileReference; explicitFileType = wrapper.cfbundle; includeInIndex = 0; path = ConditionalsUITests.xctest; sourceTree = BUILT_PRODUCTS_DIR; };
		4346D72E20D1C3AD0090B5B7 /* ConditionalsUITests.m */ = {isa = PBXFileReference; lastKnownFileType = sourcecode.c.objc; path = ConditionalsUITests.m; sourceTree = "<group>"; };
		4346D73020D1C3AD0090B5B7 /* Info.plist */ = {isa = PBXFileReference; lastKnownFileType = text.plist.xml; path = Info.plist; sourceTree = "<group>"; };
/* End PBXFileReference section */

/* Begin PBXFrameworksBuildPhase section */
		4346D70420D1C3AD0090B5B7 /* Frameworks */ = {
			isa = PBXFrameworksBuildPhase;
			buildActionMask = 2147483647;
			files = (
			);
			runOnlyForDeploymentPostprocessing = 0;
		};
		4346D71C20D1C3AD0090B5B7 /* Frameworks */ = {
			isa = PBXFrameworksBuildPhase;
			buildActionMask = 2147483647;
			files = (
			);
			runOnlyForDeploymentPostprocessing = 0;
		};
		4346D72720D1C3AD0090B5B7 /* Frameworks */ = {
			isa = PBXFrameworksBuildPhase;
			buildActionMask = 2147483647;
			files = (
			);
			runOnlyForDeploymentPostprocessing = 0;
		};
/* End PBXFrameworksBuildPhase section */

/* Begin PBXGroup section */
		4346D6FE20D1C3AD0090B5B7 = {
			isa = PBXGroup;
			children = (
				4346D70920D1C3AD0090B5B7 /* Conditionals */,
				4346D72220D1C3AD0090B5B7 /* ConditionalsTests */,
				4346D72D20D1C3AD0090B5B7 /* ConditionalsUITests */,
				4346D70820D1C3AD0090B5B7 /* Products */,
			);
			sourceTree = "<group>";
		};
		4346D70820D1C3AD0090B5B7 /* Products */ = {
			isa = PBXGroup;
			children = (
				4346D70720D1C3AD0090B5B7 /* Conditionals.app */,
				4346D71F20D1C3AD0090B5B7 /* ConditionalsTests.xctest */,
				4346D72A20D1C3AD0090B5B7 /* ConditionalsUITests.xctest */,
			);
			name = Products;
			sourceTree = "<group>";
		};
		4346D70920D1C3AD0090B5B7 /* Conditionals */ = {
			isa = PBXGroup;
			children = (
				4346D70A20D1C3AD0090B5B7 /* AppDelegate.h */,
				4346D70B20D1C3AD0090B5B7 /* AppDelegate.m */,
				4346D70D20D1C3AD0090B5B7 /* ViewController.h */,
				4346D70E20D1C3AD0090B5B7 /* ViewController.m */,
				4346D71020D1C3AD0090B5B7 /* Main.storyboard */,
				4346D71320D1C3AD0090B5B7 /* Assets.xcassets */,
				4346D71520D1C3AD0090B5B7 /* LaunchScreen.storyboard */,
				4346D71820D1C3AD0090B5B7 /* Info.plist */,
				4346D71920D1C3AD0090B5B7 /* main.m */,
			);
			path = Conditionals;
			sourceTree = "<group>";
		};
		4346D72220D1C3AD0090B5B7 /* ConditionalsTests */ = {
			isa = PBXGroup;
			children = (
				4346D72320D1C3AD0090B5B7 /* ConditionalsTests.m */,
				4346D72520D1C3AD0090B5B7 /* Info.plist */,
			);
			path = ConditionalsTests;
			sourceTree = "<group>";
		};
		4346D72D20D1C3AD0090B5B7 /* ConditionalsUITests */ = {
			isa = PBXGroup;
			children = (
				4346D72E20D1C3AD0090B5B7 /* ConditionalsUITests.m */,
				4346D73020D1C3AD0090B5B7 /* Info.plist */,
			);
			path = ConditionalsUITests;
			sourceTree = "<group>";
		};
/* End PBXGroup section */

/* Begin PBXNativeTarget section */
		4346D70620D1C3AD0090B5B7 /* Conditionals */ = {
			isa = PBXNativeTarget;
			buildConfigurationList = 4346D73320D1C3AD0090B5B7 /* Build configuration list for PBXNativeTarget "Conditionals" */;
			buildPhases = (
				4346D70320D1C3AD0090B5B7 /* Sources */,
				4346D70420D1C3AD0090B5B7 /* Frameworks */,
				4346D70520D1C3AD0090B5B7 /* Resources */,
			);
			buildRules = (
			);
			dependencies = (
			);
			name = Conditionals;
			productName = Conditionals;
			productReference = 4346D70720D1C3AD0090B5B7 /* Conditionals.app */;
			productType = "com.apple.product-type.application";
		};
		4346D71E20D1C3AD0090B5B7 /* ConditionalsTests */ = {
			isa = PBXNativeTarget;
			buildConfigurationList = 4346D73620D1C3AD0090B5B7 /* Build configuration list for PBXNativeTarget "ConditionalsTests" */;
			buildPhases = (
				4346D71B20D1C3AD0090B5B7 /* Sources */,
				4346D71C20D1C3AD0090B5B7 /* Frameworks */,
				4346D71D20D1C3AD0090B5B7 /* Resources */,
			);
			buildRules = (
			);
			dependencies = (
				4346D72120D1C3AD0090B5B7 /* PBXTargetDependency */,
			);
			name = ConditionalsTests;
			productName = ConditionalsTests;
			productReference = 4346D71F20D1C3AD0090B5B7 /* ConditionalsTests.xctest */;
			productType = "com.apple.product-type.bundle.unit-test";
		};
		4346D72920D1C3AD0090B5B7 /* ConditionalsUITests */ = {
			isa = PBXNativeTarget;
			buildConfigurationList = 4346D73920D1C3AD0090B5B7 /* Build configuration list for PBXNativeTarget "ConditionalsUITests" */;
			buildPhases = (
				4346D72620D1C3AD0090B5B7 /* Sources */,
				4346D72720D1C3AD0090B5B7 /* Frameworks */,
				4346D72820D1C3AD0090B5B7 /* Resources */,
			);
			buildRules = (
			);
			dependencies = (
				4346D72C20D1C3AD0090B5B7 /* PBXTargetDependency */,
			);
			name = ConditionalsUITests;
			productName = ConditionalsUITests;
			productReference = 4346D72A20D1C3AD0090B5B7 /* ConditionalsUITests.xctest */;
			productType = "com.apple.product-type.bundle.ui-testing";
		};
/* End PBXNativeTarget section */

/* Begin PBXProject section */
		4346D6FF20D1C3AD0090B5B7 /* Project object */ = {
			isa = PBXProject;
			attributes = {
				LastUpgradeCheck = 0920;
				ORGANIZATIONNAME = "Kraim Ebrahem Corporation";
				TargetAttributes = {
					4346D70620D1C3AD0090B5B7 = {
						CreatedOnToolsVersion = 9.2;
						ProvisioningStyle = Automatic;
					};
					4346D71E20D1C3AD0090B5B7 = {
						CreatedOnToolsVersion = 9.2;
						ProvisioningStyle = Automatic;
						TestTargetID = 4346D70620D1C3AD0090B5B7;
					};
					4346D72920D1C3AD0090B5B7 = {
						CreatedOnToolsVersion = 9.2;
						ProvisioningStyle = Automatic;
						TestTargetID = 4346D70620D1C3AD0090B5B7;
					};
				};
			};
			buildConfigurationList = 4346D70220D1C3AD0090B5B7 /* Build configuration list for PBXProject "Conditionals" */;
			compatibilityVersion = "Xcode 8.0";
			developmentRegion = en;
			hasScannedForEncodings = 0;
			knownRegions = (
				en,
				Base,
			);
			mainGroup = 4346D6FE20D1C3AD0090B5B7;
			productRefGroup = 4346D70820D1C3AD0090B5B7 /* Products */;
			projectDirPath = "";
			projectRoot = "";
			targets = (
				4346D70620D1C3AD0090B5B7 /* Conditionals */,
				4346D71E20D1C3AD0090B5B7 /* ConditionalsTests */,
				4346D72920D1C3AD0090B5B7 /* ConditionalsUITests */,
			);
		};
/* End PBXProject section */

/* Begin PBXResourcesBuildPhase section */
		4346D70520D1C3AD0090B5B7 /* Resources */ = {
			isa = PBXResourcesBuildPhase;
			buildActionMask = 2147483647;
			files = (
				4346D71720D1C3AD0090B5B7 /* LaunchScreen.storyboard in Resources */,
				4346D71420D1C3AD0090B5B7 /* Assets.xcassets in Resources */,
				4346D71220D1C3AD0090B5B7 /* Main.storyboard in Resources */,
			);
			runOnlyForDeploymentPostprocessing = 0;
		};
		4346D71D20D1C3AD0090B5B7 /* Resources */ = {
			isa = PBXResourcesBuildPhase;
			buildActionMask = 2147483647;
			files = (
			);
			runOnlyForDeploymentPostprocessing = 0;
		};
		4346D72820D1C3AD0090B5B7 /* Resources */ = {
			isa = PBXResourcesBuildPhase;
			buildActionMask = 2147483647;
			files = (
			);
			runOnlyForDeploymentPostprocessing = 0;
		};
/* End PBXResourcesBuildPhase section */

/* Begin PBXSourcesBuildPhase section */
		4346D70320D1C3AD0090B5B7 /* Sources */ = {
			isa = PBXSourcesBuildPhase;
			buildActionMask = 2147483647;
			files = (
				4346D70F20D1C3AD0090B5B7 /* ViewController.m in Sources */,
				4346D71A20D1C3AD0090B5B7 /* main.m in Sources */,
				4346D70C20D1C3AD0090B5B7 /* AppDelegate.m in Sources */,
			);
			runOnlyForDeploymentPostprocessing = 0;
		};
		4346D71B20D1C3AD0090B5B7 /* Sources */ = {
			isa = PBXSourcesBuildPhase;
			buildActionMask = 2147483647;
			files = (
				4346D72420D1C3AD0090B5B7 /* ConditionalsTests.m in Sources */,
			);
			runOnlyForDeploymentPostprocessing = 0;
		};
		4346D72620D1C3AD0090B5B7 /* Sources */ = {
			isa = PBXSourcesBuildPhase;
			buildActionMask = 2147483647;
			files = (
				4346D72F20D1C3AD0090B5B7 /* ConditionalsUITests.m in Sources */,
			);
			runOnlyForDeploymentPostprocessing = 0;
		};
/* End PBXSourcesBuildPhase section */

/* Begin PBXTargetDependency section */
		4346D72120D1C3AD0090B5B7 /* PBXTargetDependency */ = {
			isa = PBXTargetDependency;
			target = 4346D70620D1C3AD0090B5B7 /* Conditionals */;
			targetProxy = 4346D72020D1C3AD0090B5B7 /* PBXContainerItemProxy */;
		};
		4346D72C20D1C3AD0090B5B7 /* PBXTargetDependency */ = {
			isa = PBXTargetDependency;
			target = 4346D70620D1C3AD0090B5B7 /* Conditionals */;
			targetProxy = 4346D72B20D1C3AD0090B5B7 /* PBXContainerItemProxy */;
		};
/* End PBXTargetDependency section */

/* Begin PBXVariantGroup section */
		4346D71020D1C3AD0090B5B7 /* Main.storyboard */ = {
			isa = PBXVariantGroup;
			children = (
				4346D71120D1C3AD0090B5B7 /* Base */,
			);
			name = Main.storyboard;
			sourceTree = "<group>";
		};
		4346D71520D1C3AD0090B5B7 /* LaunchScreen.storyboard */ = {
			isa = PBXVariantGroup;
			children = (
				4346D71620D1C3AD0090B5B7 /* Base */,
			);
			name = LaunchScreen.storyboard;
			sourceTree = "<group>";
		};
/* End PBXVariantGroup section */

/* Begin XCBuildConfiguration section */
		4346D73120D1C3AD0090B5B7 /* Debug */ = {
			isa = XCBuildConfiguration;
			buildSettings = {
				ALWAYS_SEARCH_USER_PATHS = NO;
				CLANG_ANALYZER_NONNULL = YES;
				CLANG_ANALYZER_NUMBER_OBJECT_CONVERSION = YES_AGGRESSIVE;
				CLANG_CXX_LANGUAGE_STANDARD = "gnu++14";
				CLANG_CXX_LIBRARY = "libc++";
				CLANG_ENABLE_MODULES = YES;
				CLANG_ENABLE_OBJC_ARC = YES;
				CLANG_WARN_BLOCK_CAPTURE_AUTORELEASING = YES;
				CLANG_WARN_BOOL_CONVERSION = YES;
				CLANG_WARN_COMMA = YES;
				CLANG_WARN_CONSTANT_CONVERSION = YES;
				CLANG_WARN_DIRECT_OBJC_ISA_USAGE = YES_ERROR;
				CLANG_WARN_DOCUMENTATION_COMMENTS = YES;
				CLANG_WARN_EMPTY_BODY = YES;
				CLANG_WARN_ENUM_CONVERSION = YES;
				CLANG_WARN_INFINITE_RECURSION = YES;
				CLANG_WARN_INT_CONVERSION = YES;
				CLANG_WARN_NON_LITERAL_NULL_CONVERSION = YES;
				CLANG_WARN_OBJC_LITERAL_CONVERSION = YES;
				CLANG_WARN_OBJC_ROOT_CLASS = YES_ERROR;
				CLANG_WARN_RANGE_LOOP_ANALYSIS = YES;
				CLANG_WARN_STRICT_PROTOTYPES = YES;
				CLANG_WARN_SUSPICIOUS_MOVE = YES;
				CLANG_WARN_UNGUARDED_AVAILABILITY = YES_AGGRESSIVE;
				CLANG_WARN_UNREACHABLE_CODE = YES;
				CLANG_WARN__DUPLICATE_METHOD_MATCH = YES;
				CODE_SIGN_IDENTITY = "iPhone Developer";
				COPY_PHASE_STRIP = NO;
				DEBUG_INFORMATION_FORMAT = dwarf;
				ENABLE_STRICT_OBJC_MSGSEND = YES;
				ENABLE_TESTABILITY = YES;
				GCC_C_LANGUAGE_STANDARD = gnu11;
				GCC_DYNAMIC_NO_PIC = NO;
				GCC_NO_COMMON_BLOCKS = YES;
				GCC_OPTIMIZATION_LEVEL = 0;
				GCC_PREPROCESSOR_DEFINITIONS = (
					"DEBUG=1",
					"$(inherited)",
				);
				GCC_WARN_64_TO_32_BIT_CONVERSION = YES;
				GCC_WARN_ABOUT_RETURN_TYPE = YES_ERROR;
				GCC_WARN_UNDECLARED_SELECTOR = YES;
				GCC_WARN_UNINITIALIZED_AUTOS = YES_AGGRESSIVE;
				GCC_WARN_UNUSED_FUNCTION = YES;
				GCC_WARN_UNUSED_VARIABLE = YES;
				IPHONEOS_DEPLOYMENT_TARGET = 11.2;
				MTL_ENABLE_DEBUG_INFO = YES;
				ONLY_ACTIVE_ARCH = YES;
				SDKROOT = iphoneos;
			};
			name = Debug;
		};
		4346D73220D1C3AD0090B5B7 /* Release */ = {
			isa = XCBuildConfiguration;
			buildSettings = {
				ALWAYS_SEARCH_USER_PATHS = NO;
				CLANG_ANALYZER_NONNULL = YES;
				CLANG_ANALYZER_NUMBER_OBJECT_CONVERSION = YES_AGGRESSIVE;
				CLANG_CXX_LANGUAGE_STANDARD = "gnu++14";
				CLANG_CXX_LIBRARY = "libc++";
				CLANG_ENABLE_MODULES = YES;
				CLANG_ENABLE_OBJC_ARC = YES;
				CLANG_WARN_BLOCK_CAPTURE_AUTORELEASING = YES;
				CLANG_WARN_BOOL_CONVERSION = YES;
				CLANG_WARN_COMMA = YES;
				CLANG_WARN_CONSTANT_CONVERSION = YES;
				CLANG_WARN_DIRECT_OBJC_ISA_USAGE = YES_ERROR;
				CLANG_WARN_DOCUMENTATION_COMMENTS = YES;
				CLANG_WARN_EMPTY_BODY = YES;
				CLANG_WARN_ENUM_CONVERSION = YES;
				CLANG_WARN_INFINITE_RECURSION = YES;
				CLANG_WARN_INT_CONVERSION = YES;
				CLANG_WARN_NON_LITERAL_NULL_CONVERSION = YES;
				CLANG_WARN_OBJC_LITERAL_CONVERSION = YES;
				CLANG_WARN_OBJC_ROOT_CLASS = YES_ERROR;
				CLANG_WARN_RANGE_LOOP_ANALYSIS = YES;
				CLANG_WARN_STRICT_PROTOTYPES = YES;
				CLANG_WARN_SUSPICIOUS_MOVE = YES;
				CLANG_WARN_UNGUARDED_AVAILABILITY = YES_AGGRESSIVE;
				CLANG_WARN_UNREACHABLE_CODE = YES;
				CLANG_WARN__DUPLICATE_METHOD_MATCH = YES;
				CODE_SIGN_IDENTITY = "iPhone Developer";
				COPY_PHASE_STRIP = NO;
				DEBUG_INFORMATION_FORMAT = "dwarf-with-dsym";
				ENABLE_NS_ASSERTIONS = NO;
				ENABLE_STRICT_OBJC_MSGSEND = YES;
				GCC_C_LANGUAGE_STANDARD = gnu11;
				GCC_NO_COMMON_BLOCKS = YES;
				GCC_WARN_64_TO_32_BIT_CONVERSION = YES;
				GCC_WARN_ABOUT_RETURN_TYPE = YES_ERROR;
				GCC_WARN_UNDECLARED_SELECTOR = YES;
				GCC_WARN_UNINITIALIZED_AUTOS = YES_AGGRESSIVE;
				GCC_WARN_UNUSED_FUNCTION = YES;
				GCC_WARN_UNUSED_VARIABLE = YES;
				IPHONEOS_DEPLOYMENT_TARGET = 11.2;
				MTL_ENABLE_DEBUG_INFO = NO;
				SDKROOT = iphoneos;
				VALIDATE_PRODUCT = YES;
			};
			name = Release;
		};
		4346D73420D1C3AD0090B5B7 /* Debug */ = {
			isa = XCBuildConfiguration;
			buildSettings = {
				ASSETCATALOG_COMPILER_APPICON_NAME = AppIcon;
				CODE_SIGN_STYLE = Automatic;
				INFOPLIST_FILE = Conditionals/Info.plist;
				LD_RUNPATH_SEARCH_PATHS = "$(inherited) @executable_path/Frameworks";
				PRODUCT_BUNDLE_IDENTIFIER = com.corporation.Conditionals;
				PRODUCT_NAME = "$(TARGET_NAME)";
				TARGETED_DEVICE_FAMILY = "1,2";
			};
			name = Debug;
		};
		4346D73520D1C3AD0090B5B7 /* Release */ = {
			isa = XCBuildConfiguration;
			buildSettings = {
				ASSETCATALOG_COMPILER_APPICON_NAME = AppIcon;
				CODE_SIGN_STYLE = Automatic;
				INFOPLIST_FILE = Conditionals/Info.plist;
				LD_RUNPATH_SEARCH_PATHS = "$(inherited) @executable_path/Frameworks";
				PRODUCT_BUNDLE_IDENTIFIER = com.corporation.Conditionals;
				PRODUCT_NAME = "$(TARGET_NAME)";
				TARGETED_DEVICE_FAMILY = "1,2";
			};
			name = Release;
		};
		4346D73720D1C3AD0090B5B7 /* Debug */ = {
			isa = XCBuildConfiguration;
			buildSettings = {
				BUNDLE_LOADER = "$(TEST_HOST)";
				CODE_SIGN_STYLE = Automatic;
				INFOPLIST_FILE = ConditionalsTests/Info.plist;
				LD_RUNPATH_SEARCH_PATHS = "$(inherited) @executable_path/Frameworks @loader_path/Frameworks";
				PRODUCT_BUNDLE_IDENTIFIER = com.corporation.ConditionalsTests;
				PRODUCT_NAME = "$(TARGET_NAME)";
				TARGETED_DEVICE_FAMILY = "1,2";
				TEST_HOST = "$(BUILT_PRODUCTS_DIR)/Conditionals.app/Conditionals";
			};
			name = Debug;
		};
		4346D73820D1C3AD0090B5B7 /* Release */ = {
			isa = XCBuildConfiguration;
			buildSettings = {
				BUNDLE_LOADER = "$(TEST_HOST)";
				CODE_SIGN_STYLE = Automatic;
				INFOPLIST_FILE = ConditionalsTests/Info.plist;
				LD_RUNPATH_SEARCH_PATHS = "$(inherited) @executable_path/Frameworks @loader_path/Frameworks";
				PRODUCT_BUNDLE_IDENTIFIER = com.corporation.ConditionalsTests;
				PRODUCT_NAME = "$(TARGET_NAME)";
				TARGETED_DEVICE_FAMILY = "1,2";
				TEST_HOST = "$(BUILT_PRODUCTS_DIR)/Conditionals.app/Conditionals";
			};
			name = Release;
		};
		4346D73A20D1C3AD0090B5B7 /* Debug */ = {
			isa = XCBuildConfiguration;
			buildSettings = {
				CODE_SIGN_STYLE = Automatic;
				INFOPLIST_FILE = ConditionalsUITests/Info.plist;
				LD_RUNPATH_SEARCH_PATHS = "$(inherited) @executable_path/Frameworks @loader_path/Frameworks";
				PRODUCT_BUNDLE_IDENTIFIER = com.corporation.ConditionalsUITests;
				PRODUCT_NAME = "$(TARGET_NAME)";
				TARGETED_DEVICE_FAMILY = "1,2";
				TEST_TARGET_NAME = Conditionals;
			};
			name = Debug;
		};
		4346D73B20D1C3AD0090B5B7 /* Release */ = {
			isa = XCBuildConfiguration;
			buildSettings = {
				CODE_SIGN_STYLE = Automatic;
				INFOPLIST_FILE = ConditionalsUITests/Info.plist;
				LD_RUNPATH_SEARCH_PATHS = "$(inherited) @executable_path/Frameworks @loader_path/Frameworks";
				PRODUCT_BUNDLE_IDENTIFIER = com.corporation.ConditionalsUITests;
				PRODUCT_NAME = "$(TARGET_NAME)";
				TARGETED_DEVICE_FAMILY = "1,2";
				TEST_TARGET_NAME = Conditionals;
			};
			name = Release;
		};
/* End XCBuildConfiguration section */

/* Begin XCConfigurationList section */
		4346D70220D1C3AD0090B5B7 /* Build configuration list for PBXProject "Conditionals" */ = {
			isa = XCConfigurationList;
			buildConfigurations = (
				4346D73120D1C3AD0090B5B7 /* Debug */,
				4346D73220D1C3AD0090B5B7 /* Release */,
			);
			defaultConfigurationIsVisible = 0;
			defaultConfigurationName = Release;
		};
		4346D73320D1C3AD0090B5B7 /* Build configuration list for PBXNativeTarget "Conditionals" */ = {
			isa = XCConfigurationList;
			buildConfigurations = (
				4346D73420D1C3AD0090B5B7 /* Debug */,
				4346D73520D1C3AD0090B5B7 /* Release */,
			);
			defaultConfigurationIsVisible = 0;
			defaultConfigurationName = Release;
		};
		4346D73620D1C3AD0090B5B7 /* Build configuration list for PBXNativeTarget "ConditionalsTests" */ = {
			isa = XCConfigurationList;
			buildConfigurations = (
				4346D73720D1C3AD0090B5B7 /* Debug */,
				4346D73820D1C3AD0090B5B7 /* Release */,
			);
			defaultConfigurationIsVisible = 0;
			defaultConfigurationName = Release;
		};
		4346D73920D1C3AD0090B5B7 /* Build configuration list for PBXNativeTarget "ConditionalsUITests" */ = {
			isa = XCConfigurationList;
			buildConfigurations = (
				4346D73A20D1C3AD0090B5B7 /* Debug */,
				4346D73B20D1C3AD0090B5B7 /* Release */,
			);
			defaultConfigurationIsVisible = 0;
			defaultConfigurationName = Release;
		};
/* End XCConfigurationList section */
	};
	rootObject = 4346D6FF20D1C3AD0090B5B7 /* Project object */;
}
